
Microsoft Visual Studio Solution File, Format Version 12.00
# Visual Studio 15
VisualStudioVersion = 15.0.28307.329
MinimumVisualStudioVersion = 10.0.40219.1
Project("{FAE04EC0-301F-11D3-BF4B-00C04F79EFBC}") = "PersistenciaDeDatos", "PersistenciaDeDatos\PersistenciaDeDatos.csproj", "{B395B16E-92E4-4EF7-9923-AFDB82A26ADB}"
EndProject
Project("{FAE04EC0-301F-11D3-BF4B-00C04F79EFBC}") = "Presentacion.Consola", "Presentacion.Consola\Presentacion.Consola.csproj", "{53DE7FF5-A61A-460D-851A-0C9F3BDF9B06}"
EndProject
Global
	GlobalSection(SolutionConfigurationPlatforms) = preSolution
		Debug|Any CPU = Debug|Any CPU
		Release|Any CPU = Release|Any CPU
	EndGlobalSection
	GlobalSection(ProjectConfigurationPlatforms) = postSolution
		{B395B16E-92E4-4EF7-9923-AFDB82A26ADB}.Debug|Any CPU.ActiveCfg = Debug|Any CPU
		{B395B16E-92E4-4EF7-9923-AFDB82A26ADB}.Debug|Any CPU.Build.0 = Debug|Any CPU
		{B395B16E-92E4-4EF7-9923-AFDB82A26ADB}.Release|Any CPU.ActiveCfg = Release|Any CPU
		{B395B16E-92E4-4EF7-9923-AFDB82A26ADB}.Release|Any CPU.Build.0 = Release|Any CPU
		{53DE7FF5-A61A-460D-851A-0C9F3BDF9B06}.Debug|Any CPU.ActiveCfg = Debug|Any CPU
		{53DE7FF5-A61A-460D-851A-0C9F3BDF9B06}.Debug|Any CPU.Build.0 = Debug|Any CPU
		{53DE7FF5-A61A-460D-851A-0C9F3BDF9B06}.Release|Any CPU.ActiveCfg = Release|Any CPU
		{53DE7FF5-A61A-460D-851A-0C9F3BDF9B06}.Release|Any CPU.Build.0 = Release|Any CPU
	EndGlobalSection
	GlobalSection(SolutionProperties) = preSolution
		HideSolutionNode = FALSE
	EndGlobalSection
	GlobalSection(ExtensibilityGlobals) = postSolution
		SolutionGuid = {F22922E1-E578-4246-8701-F6737A4134C3}
	EndGlobalSection
EndGlobal
