
Microsoft Visual Studio Solution File, Format Version 12.00
# Visual Studio 15
VisualStudioVersion = 15.0.28307.329
MinimumVisualStudioVersion = 10.0.40219.1
Project("{FAE04EC0-301F-11D3-BF4B-00C04F79EFBC}") = "Shop.Domain.Entities", "Shop.Domain.Entities\Shop.Domain.Entities.csproj", "{052F3268-3D17-40FC-86FC-44F2519FFF6C}"
EndProject
Project("{2150E333-8FDC-42A3-9474-1A3956D46DE8}") = "Domain", "Domain", "{B721AAB8-D0B6-4365-BFE8-0FD15CE65D6B}"
EndProject
Project("{2150E333-8FDC-42A3-9474-1A3956D46DE8}") = "Infrastructure", "Infrastructure", "{96159A5F-4C73-49B7-AF0E-EE2A4DD39170}"
EndProject
Project("{FAE04EC0-301F-11D3-BF4B-00C04F79EFBC}") = "Shop.Infrastructure.EFDataContext", "Shop.Infrastructure.EFDataContext\Shop.Infrastructure.EFDataContext.csproj", "{B43C4280-4B41-4FB3-8A7C-8F94B5D52ADA}"
EndProject
Project("{2150E333-8FDC-42A3-9474-1A3956D46DE8}") = "Presentation", "Presentation", "{65426B1E-8CA3-4D46-AEB2-97D496BCFE7E}"
EndProject
Project("{2150E333-8FDC-42A3-9474-1A3956D46DE8}") = "Services", "Services", "{0D08F63A-6ABF-4E6C-A75F-FBC3F34976F1}"
EndProject
Project("{FAE04EC0-301F-11D3-BF4B-00C04F79EFBC}") = "Shop.Services.Interfaces", "Shop.Services.Interfaces\Shop.Services.Interfaces.csproj", "{FA98126D-3EBF-4E81-B748-1A3C0454ECD3}"
EndProject
Project("{FAE04EC0-301F-11D3-BF4B-00C04F79EFBC}") = "Shop.Services.implementation", "Shop.Services.implementation\Shop.Services.implementation.csproj", "{DCED8663-B82E-4447-913E-787EBA825CDA}"
EndProject
Project("{FAE04EC0-301F-11D3-BF4B-00C04F79EFBC}") = "Shop.Presentation.WebServices", "Shop.Presentation.WebServices\Shop.Presentation.WebServices.csproj", "{C010854C-2C7A-4FED-A540-4E4B5EC68E66}"
EndProject
Project("{FAE04EC0-301F-11D3-BF4B-00C04F79EFBC}") = "Shop.Presentation.WebPage", "Shop.Presentation.WebPage\Shop.Presentation.WebPage.csproj", "{4AFFB8E1-8D84-4015-9A63-56285F22A020}"
EndProject
Global
	GlobalSection(SolutionConfigurationPlatforms) = preSolution
		Debug|Any CPU = Debug|Any CPU
		Release|Any CPU = Release|Any CPU
	EndGlobalSection
	GlobalSection(ProjectConfigurationPlatforms) = postSolution
		{052F3268-3D17-40FC-86FC-44F2519FFF6C}.Debug|Any CPU.ActiveCfg = Debug|Any CPU
		{052F3268-3D17-40FC-86FC-44F2519FFF6C}.Debug|Any CPU.Build.0 = Debug|Any CPU
		{052F3268-3D17-40FC-86FC-44F2519FFF6C}.Release|Any CPU.ActiveCfg = Release|Any CPU
		{052F3268-3D17-40FC-86FC-44F2519FFF6C}.Release|Any CPU.Build.0 = Release|Any CPU
		{B43C4280-4B41-4FB3-8A7C-8F94B5D52ADA}.Debug|Any CPU.ActiveCfg = Debug|Any CPU
		{B43C4280-4B41-4FB3-8A7C-8F94B5D52ADA}.Debug|Any CPU.Build.0 = Debug|Any CPU
		{B43C4280-4B41-4FB3-8A7C-8F94B5D52ADA}.Release|Any CPU.ActiveCfg = Release|Any CPU
		{B43C4280-4B41-4FB3-8A7C-8F94B5D52ADA}.Release|Any CPU.Build.0 = Release|Any CPU
		{FA98126D-3EBF-4E81-B748-1A3C0454ECD3}.Debug|Any CPU.ActiveCfg = Debug|Any CPU
		{FA98126D-3EBF-4E81-B748-1A3C0454ECD3}.Debug|Any CPU.Build.0 = Debug|Any CPU
		{FA98126D-3EBF-4E81-B748-1A3C0454ECD3}.Release|Any CPU.ActiveCfg = Release|Any CPU
		{FA98126D-3EBF-4E81-B748-1A3C0454ECD3}.Release|Any CPU.Build.0 = Release|Any CPU
		{DCED8663-B82E-4447-913E-787EBA825CDA}.Debug|Any CPU.ActiveCfg = Debug|Any CPU
		{DCED8663-B82E-4447-913E-787EBA825CDA}.Debug|Any CPU.Build.0 = Debug|Any CPU
		{DCED8663-B82E-4447-913E-787EBA825CDA}.Release|Any CPU.ActiveCfg = Release|Any CPU
		{DCED8663-B82E-4447-913E-787EBA825CDA}.Release|Any CPU.Build.0 = Release|Any CPU
		{C010854C-2C7A-4FED-A540-4E4B5EC68E66}.Debug|Any CPU.ActiveCfg = Debug|Any CPU
		{C010854C-2C7A-4FED-A540-4E4B5EC68E66}.Debug|Any CPU.Build.0 = Debug|Any CPU
		{C010854C-2C7A-4FED-A540-4E4B5EC68E66}.Release|Any CPU.ActiveCfg = Release|Any CPU
		{C010854C-2C7A-4FED-A540-4E4B5EC68E66}.Release|Any CPU.Build.0 = Release|Any CPU
		{4AFFB8E1-8D84-4015-9A63-56285F22A020}.Debug|Any CPU.ActiveCfg = Debug|Any CPU
		{4AFFB8E1-8D84-4015-9A63-56285F22A020}.Debug|Any CPU.Build.0 = Debug|Any CPU
		{4AFFB8E1-8D84-4015-9A63-56285F22A020}.Release|Any CPU.ActiveCfg = Release|Any CPU
		{4AFFB8E1-8D84-4015-9A63-56285F22A020}.Release|Any CPU.Build.0 = Release|Any CPU
	EndGlobalSection
	GlobalSection(SolutionProperties) = preSolution
		HideSolutionNode = FALSE
	EndGlobalSection
	GlobalSection(NestedProjects) = preSolution
		{052F3268-3D17-40FC-86FC-44F2519FFF6C} = {B721AAB8-D0B6-4365-BFE8-0FD15CE65D6B}
		{B43C4280-4B41-4FB3-8A7C-8F94B5D52ADA} = {96159A5F-4C73-49B7-AF0E-EE2A4DD39170}
		{FA98126D-3EBF-4E81-B748-1A3C0454ECD3} = {0D08F63A-6ABF-4E6C-A75F-FBC3F34976F1}
		{DCED8663-B82E-4447-913E-787EBA825CDA} = {0D08F63A-6ABF-4E6C-A75F-FBC3F34976F1}
		{C010854C-2C7A-4FED-A540-4E4B5EC68E66} = {65426B1E-8CA3-4D46-AEB2-97D496BCFE7E}
		{4AFFB8E1-8D84-4015-9A63-56285F22A020} = {65426B1E-8CA3-4D46-AEB2-97D496BCFE7E}
	EndGlobalSection
	GlobalSection(ExtensibilityGlobals) = postSolution
		SolutionGuid = {ACFFC2DC-1622-469A-9D2F-40DE1E11408B}
	EndGlobalSection
EndGlobal
