
Microsoft Visual Studio Solution File, Format Version 12.00
# Visual Studio Version 16
VisualStudioVersion = 16.0.28922.388
MinimumVisualStudioVersion = 10.0.40219.1
Project("{FAE04EC0-301F-11D3-BF4B-00C04F79EFBC}") = "App.UI.Demo", "App.UI.Demo.csproj", "{EFF151F4-81D7-45FD-AA8C-DE59AF5A36D1}"
EndProject
Project("{FAE04EC0-301F-11D3-BF4B-00C04F79EFBC}") = "App.Data.DataAccess", "..\App.Data.DataAccess\App.Data.DataAccess.csproj", "{F8F73A26-9431-47CE-8C6D-AC9DFC9AFC18}"
EndProject
Global
	GlobalSection(SolutionConfigurationPlatforms) = preSolution
		Debug|Any CPU = Debug|Any CPU
		Release|Any CPU = Release|Any CPU
	EndGlobalSection
	GlobalSection(ProjectConfigurationPlatforms) = postSolution
		{EFF151F4-81D7-45FD-AA8C-DE59AF5A36D1}.Debug|Any CPU.ActiveCfg = Debug|Any CPU
		{EFF151F4-81D7-45FD-AA8C-DE59AF5A36D1}.Debug|Any CPU.Build.0 = Debug|Any CPU
		{EFF151F4-81D7-45FD-AA8C-DE59AF5A36D1}.Release|Any CPU.ActiveCfg = Release|Any CPU
		{EFF151F4-81D7-45FD-AA8C-DE59AF5A36D1}.Release|Any CPU.Build.0 = Release|Any CPU
		{F8F73A26-9431-47CE-8C6D-AC9DFC9AFC18}.Debug|Any CPU.ActiveCfg = Debug|Any CPU
		{F8F73A26-9431-47CE-8C6D-AC9DFC9AFC18}.Debug|Any CPU.Build.0 = Debug|Any CPU
		{F8F73A26-9431-47CE-8C6D-AC9DFC9AFC18}.Release|Any CPU.ActiveCfg = Release|Any CPU
		{F8F73A26-9431-47CE-8C6D-AC9DFC9AFC18}.Release|Any CPU.Build.0 = Release|Any CPU
	EndGlobalSection
	GlobalSection(SolutionProperties) = preSolution
		HideSolutionNode = FALSE
	EndGlobalSection
	GlobalSection(ExtensibilityGlobals) = postSolution
		SolutionGuid = {90E8E476-70F2-494F-8590-B5A2C6E77496}
	EndGlobalSection
EndGlobal
