
Microsoft Visual Studio Solution File, Format Version 12.00
# Visual Studio 15
VisualStudioVersion = 15.0.28307.329
MinimumVisualStudioVersion = 10.0.40219.1
Project("{FAE04EC0-301F-11D3-BF4B-00C04F79EFBC}") = "Proyecto", "Proyecto\Proyecto.csproj", "{3B935F14-9CA2-41DB-83B2-5994611D2909}"
EndProject
Project("{FAE04EC0-301F-11D3-BF4B-00C04F79EFBC}") = "Entidades", "Entidades\Entidades.csproj", "{7B2EFAE6-7B6D-4CAA-9F9B-E7083C17562A}"
EndProject
Project("{FAE04EC0-301F-11D3-BF4B-00C04F79EFBC}") = "Infraestructura", "Infraestructura\Infraestructura.csproj", "{714E299A-C63E-4A64-974A-4A6CCF1BB9F6}"
EndProject
Global
	GlobalSection(SolutionConfigurationPlatforms) = preSolution
		Debug|Any CPU = Debug|Any CPU
		Release|Any CPU = Release|Any CPU
	EndGlobalSection
	GlobalSection(ProjectConfigurationPlatforms) = postSolution
		{3B935F14-9CA2-41DB-83B2-5994611D2909}.Debug|Any CPU.ActiveCfg = Debug|Any CPU
		{3B935F14-9CA2-41DB-83B2-5994611D2909}.Debug|Any CPU.Build.0 = Debug|Any CPU
		{3B935F14-9CA2-41DB-83B2-5994611D2909}.Release|Any CPU.ActiveCfg = Release|Any CPU
		{3B935F14-9CA2-41DB-83B2-5994611D2909}.Release|Any CPU.Build.0 = Release|Any CPU
		{7B2EFAE6-7B6D-4CAA-9F9B-E7083C17562A}.Debug|Any CPU.ActiveCfg = Debug|Any CPU
		{7B2EFAE6-7B6D-4CAA-9F9B-E7083C17562A}.Debug|Any CPU.Build.0 = Debug|Any CPU
		{7B2EFAE6-7B6D-4CAA-9F9B-E7083C17562A}.Release|Any CPU.ActiveCfg = Release|Any CPU
		{7B2EFAE6-7B6D-4CAA-9F9B-E7083C17562A}.Release|Any CPU.Build.0 = Release|Any CPU
		{714E299A-C63E-4A64-974A-4A6CCF1BB9F6}.Debug|Any CPU.ActiveCfg = Debug|Any CPU
		{714E299A-C63E-4A64-974A-4A6CCF1BB9F6}.Debug|Any CPU.Build.0 = Debug|Any CPU
		{714E299A-C63E-4A64-974A-4A6CCF1BB9F6}.Release|Any CPU.ActiveCfg = Release|Any CPU
		{714E299A-C63E-4A64-974A-4A6CCF1BB9F6}.Release|Any CPU.Build.0 = Release|Any CPU
	EndGlobalSection
	GlobalSection(SolutionProperties) = preSolution
		HideSolutionNode = FALSE
	EndGlobalSection
	GlobalSection(ExtensibilityGlobals) = postSolution
		SolutionGuid = {65E6226C-B6FB-4774-9266-31E6F1EB09E9}
	EndGlobalSection
EndGlobal
